
Microsoft Visual Studio Solution File, Format Version 12.00
Project("{FAE04EC0-301F-11D3-BF4B-00C04F79EFBC}") = "NBenchmark", "src\NBenchmark\NBenchmark.csproj", "{0000CACB-C746-4FF9-8B87-228BF6223936}"
EndProject
Project("{2150E333-8FDC-42A3-9474-1A3956D46DE8}") = "tests", "tests", "{0AB3BF05-4346-4AA6-1389-037BE0695223}"
EndProject
Project("{FAE04EC0-301F-11D3-BF4B-00C04F79EFBC}") = "NBenchmark.Tests", "tests\NBenchmark.Tests\NBenchmark.Tests.csproj", "{B7249D7A-28AA-4BE8-9F8E-4C88A733DB53}"
EndProject
Project("{FAE04EC0-301F-11D3-BF4B-00C04F79EFBC}") = "NBenchmark.Console.Tests", "tests\NBenchmark.Console.Tests\NBenchmark.Console.Tests.csproj", "{5299C4A1-9C4E-46BA-AACB-06A36E59E19C}"
EndProject
Project("{2150E333-8FDC-42A3-9474-1A3956D46DE8}") = "samples", "samples", "{5D20AA90-6969-D8BD-9DCD-8634F4692FDA}"
EndProject
Project("{FAE04EC0-301F-11D3-BF4B-00C04F79EFBC}") = "Quick", "samples\Quick\Quick.csproj", "{B1F50383-81DC-405B-8210-FD283DE48B30}"
EndProject
Project("{FAE04EC0-301F-11D3-BF4B-00C04F79EFBC}") = "Suite", "samples\Suite\Suite.csproj", "{7FEAE202-C720-4293-B8B9-D5C2BCD36631}"
EndProject
Project("{FAE04EC0-301F-11D3-BF4B-00C04F79EFBC}") = "Host", "samples\Host\Host.csproj", "{E7688918-FC16-4DBE-80A7-89544BE798F7}"
EndProject
Project("{FAE04EC0-301F-11D3-BF4B-00C04F79EFBC}") = "NBenchmark.DependencyInjection.Tests", "tests\NBenchmark.DependencyInjection.Tests\NBenchmark.DependencyInjection.Tests.csproj", "{570FCCF5-1D1E-42F7-9F66-615B305AEF13}"
EndProject
Project("{FAE04EC0-301F-11D3-BF4B-00C04F79EFBC}") = "DependencyInjection", "samples\DependencyInjection\DependencyInjection.csproj", "{3C4F5DFE-D381-401C-A5F3-0C4A1157DC4E}"
EndProject
Project("{FAE04EC0-301F-11D3-BF4B-00C04F79EFBC}") = "NBenchmark.Console", "src\NBenchmark.Console\NBenchmark.Console.csproj", "{33F18503-511F-4F6A-9B88-23CBA6820945}"
EndProject
Project("{FAE04EC0-301F-11D3-BF4B-00C04F79EFBC}") = "NBenchmark.DependencyInjection", "src\NBenchmark.DependencyInjection\NBenchmark.DependencyInjection.csproj", "{35155F7A-0DD7-4B96-B056-9A19D7A0FC66}"
EndProject
Project("{FAE04EC0-301F-11D3-BF4B-00C04F79EFBC}") = "NBenchmark.Analyzers", "src\NBenchmark.Analyzers\NBenchmark.Analyzers.csproj", "{02584320-C311-445C-B661-5ABC6924E47F}"
EndProject
Project("{FAE04EC0-301F-11D3-BF4B-00C04F79EFBC}") = "NBenchmark.CodeFixes", "src\NBenchmark.CodeFixes\NBenchmark.CodeFixes.csproj", "{0DCFBBED-2A8B-49A3-9852-48C2C8B82388}"
EndProject
Project("{FAE04EC0-301F-11D3-BF4B-00C04F79EFBC}") = "NBenchmark.Analyzers.Package", "src\NBenchmark.Analyzers.Package\NBenchmark.Analyzers.Package.csproj", "{4062A881-72A7-46F8-A7BB-EADBC67418FB}"
EndProject
Project("{FAE04EC0-301F-11D3-BF4B-00C04F79EFBC}") = "NBenchmark.Analyzers.Tests", "tests\NBenchmark.Analyzers.Tests\NBenchmark.Analyzers.Tests.csproj", "{CAFA3951-F501-4E34-95FC-66B5A6D9D49B}"
EndProject
Global
	GlobalSection(SolutionConfigurationPlatforms) = preSolution
		Debug|Any CPU = Debug|Any CPU
		Debug|x64 = Debug|x64
		Debug|x86 = Debug|x86
		Release|Any CPU = Release|Any CPU
		Release|x64 = Release|x64
		Release|x86 = Release|x86
	EndGlobalSection
	GlobalSection(ProjectConfigurationPlatforms) = postSolution
		{0000CACB-C746-4FF9-8B87-228BF6223936}.Debug|Any CPU.ActiveCfg = Debug|Any CPU
		{0000CACB-C746-4FF9-8B87-228BF6223936}.Debug|Any CPU.Build.0 = Debug|Any CPU
		{0000CACB-C746-4FF9-8B87-228BF6223936}.Debug|x64.ActiveCfg = Debug|Any CPU
		{0000CACB-C746-4FF9-8B87-228BF6223936}.Debug|x64.Build.0 = Debug|Any CPU
		{0000CACB-C746-4FF9-8B87-228BF6223936}.Debug|x86.ActiveCfg = Debug|Any CPU
		{0000CACB-C746-4FF9-8B87-228BF6223936}.Debug|x86.Build.0 = Debug|Any CPU
		{0000CACB-C746-4FF9-8B87-228BF6223936}.Release|Any CPU.ActiveCfg = Release|Any CPU
		{0000CACB-C746-4FF9-8B87-228BF6223936}.Release|Any CPU.Build.0 = Release|Any CPU
		{0000CACB-C746-4FF9-8B87-228BF6223936}.Release|x64.ActiveCfg = Release|Any CPU
		{0000CACB-C746-4FF9-8B87-228BF6223936}.Release|x64.Build.0 = Release|Any CPU
		{0000CACB-C746-4FF9-8B87-228BF6223936}.Release|x86.ActiveCfg = Release|Any CPU
		{0000CACB-C746-4FF9-8B87-228BF6223936}.Release|x86.Build.0 = Release|Any CPU
		{B7249D7A-28AA-4BE8-9F8E-4C88A733DB53}.Debug|Any CPU.ActiveCfg = Debug|Any CPU
		{B7249D7A-28AA-4BE8-9F8E-4C88A733DB53}.Debug|Any CPU.Build.0 = Debug|Any CPU
		{B7249D7A-28AA-4BE8-9F8E-4C88A733DB53}.Debug|x64.ActiveCfg = Debug|Any CPU
		{B7249D7A-28AA-4BE8-9F8E-4C88A733DB53}.Debug|x64.Build.0 = Debug|Any CPU
		{B7249D7A-28AA-4BE8-9F8E-4C88A733DB53}.Debug|x86.ActiveCfg = Debug|Any CPU
		{B7249D7A-28AA-4BE8-9F8E-4C88A733DB53}.Debug|x86.Build.0 = Debug|Any CPU
		{B7249D7A-28AA-4BE8-9F8E-4C88A733DB53}.Release|Any CPU.ActiveCfg = Release|Any CPU
		{B7249D7A-28AA-4BE8-9F8E-4C88A733DB53}.Release|Any CPU.Build.0 = Release|Any CPU
		{B7249D7A-28AA-4BE8-9F8E-4C88A733DB53}.Release|x64.ActiveCfg = Release|Any CPU
		{B7249D7A-28AA-4BE8-9F8E-4C88A733DB53}.Release|x64.Build.0 = Release|Any CPU
		{B7249D7A-28AA-4BE8-9F8E-4C88A733DB53}.Release|x86.ActiveCfg = Release|Any CPU
		{B7249D7A-28AA-4BE8-9F8E-4C88A733DB53}.Release|x86.Build.0 = Release|Any CPU
		{5299C4A1-9C4E-46BA-AACB-06A36E59E19C}.Debug|Any CPU.ActiveCfg = Debug|Any CPU
		{5299C4A1-9C4E-46BA-AACB-06A36E59E19C}.Debug|Any CPU.Build.0 = Debug|Any CPU
		{5299C4A1-9C4E-46BA-AACB-06A36E59E19C}.Debug|x64.ActiveCfg = Debug|Any CPU
		{5299C4A1-9C4E-46BA-AACB-06A36E59E19C}.Debug|x64.Build.0 = Debug|Any CPU
		{5299C4A1-9C4E-46BA-AACB-06A36E59E19C}.Debug|x86.ActiveCfg = Debug|Any CPU
		{5299C4A1-9C4E-46BA-AACB-06A36E59E19C}.Debug|x86.Build.0 = Debug|Any CPU
		{5299C4A1-9C4E-46BA-AACB-06A36E59E19C}.Release|Any CPU.ActiveCfg = Release|Any CPU
		{5299C4A1-9C4E-46BA-AACB-06A36E59E19C}.Release|Any CPU.Build.0 = Release|Any CPU
		{5299C4A1-9C4E-46BA-AACB-06A36E59E19C}.Release|x64.ActiveCfg = Release|Any CPU
		{5299C4A1-9C4E-46BA-AACB-06A36E59E19C}.Release|x64.Build.0 = Release|Any CPU
		{5299C4A1-9C4E-46BA-AACB-06A36E59E19C}.Release|x86.ActiveCfg = Release|Any CPU
		{5299C4A1-9C4E-46BA-AACB-06A36E59E19C}.Release|x86.Build.0 = Release|Any CPU
		{B1F50383-81DC-405B-8210-FD283DE48B30}.Debug|Any CPU.ActiveCfg = Debug|Any CPU
		{B1F50383-81DC-405B-8210-FD283DE48B30}.Debug|Any CPU.Build.0 = Debug|Any CPU
		{B1F50383-81DC-405B-8210-FD283DE48B30}.Debug|x64.ActiveCfg = Debug|Any CPU
		{B1F50383-81DC-405B-8210-FD283DE48B30}.Debug|x64.Build.0 = Debug|Any CPU
		{B1F50383-81DC-405B-8210-FD283DE48B30}.Debug|x86.ActiveCfg = Debug|Any CPU
		{B1F50383-81DC-405B-8210-FD283DE48B30}.Debug|x86.Build.0 = Debug|Any CPU
		{B1F50383-81DC-405B-8210-FD283DE48B30}.Release|Any CPU.ActiveCfg = Release|Any CPU
		{B1F50383-81DC-405B-8210-FD283DE48B30}.Release|Any CPU.Build.0 = Release|Any CPU
		{B1F50383-81DC-405B-8210-FD283DE48B30}.Release|x64.ActiveCfg = Release|Any CPU
		{B1F50383-81DC-405B-8210-FD283DE48B30}.Release|x64.Build.0 = Release|Any CPU
		{B1F50383-81DC-405B-8210-FD283DE48B30}.Release|x86.ActiveCfg = Release|Any CPU
		{B1F50383-81DC-405B-8210-FD283DE48B30}.Release|x86.Build.0 = Release|Any CPU
		{7FEAE202-C720-4293-B8B9-D5C2BCD36631}.Debug|Any CPU.ActiveCfg = Debug|Any CPU
		{7FEAE202-C720-4293-B8B9-D5C2BCD36631}.Debug|Any CPU.Build.0 = Debug|Any CPU
		{7FEAE202-C720-4293-B8B9-D5C2BCD36631}.Debug|x64.ActiveCfg = Debug|Any CPU
		{7FEAE202-C720-4293-B8B9-D5C2BCD36631}.Debug|x64.Build.0 = Debug|Any CPU
		{7FEAE202-C720-4293-B8B9-D5C2BCD36631}.Debug|x86.ActiveCfg = Debug|Any CPU
		{7FEAE202-C720-4293-B8B9-D5C2BCD36631}.Debug|x86.Build.0 = Debug|Any CPU
		{7FEAE202-C720-4293-B8B9-D5C2BCD36631}.Release|Any CPU.ActiveCfg = Release|Any CPU
		{7FEAE202-C720-4293-B8B9-D5C2BCD36631}.Release|Any CPU.Build.0 = Release|Any CPU
		{7FEAE202-C720-4293-B8B9-D5C2BCD36631}.Release|x64.ActiveCfg = Release|Any CPU
		{7FEAE202-C720-4293-B8B9-D5C2BCD36631}.Release|x64.Build.0 = Release|Any CPU
		{7FEAE202-C720-4293-B8B9-D5C2BCD36631}.Release|x86.ActiveCfg = Release|Any CPU
		{7FEAE202-C720-4293-B8B9-D5C2BCD36631}.Release|x86.Build.0 = Release|Any CPU
		{E7688918-FC16-4DBE-80A7-89544BE798F7}.Debug|Any CPU.ActiveCfg = Debug|Any CPU
		{E7688918-FC16-4DBE-80A7-89544BE798F7}.Debug|Any CPU.Build.0 = Debug|Any CPU
		{E7688918-FC16-4DBE-80A7-89544BE798F7}.Debug|x64.ActiveCfg = Debug|Any CPU
		{E7688918-FC16-4DBE-80A7-89544BE798F7}.Debug|x64.Build.0 = Debug|Any CPU
		{E7688918-FC16-4DBE-80A7-89544BE798F7}.Debug|x86.ActiveCfg = Debug|Any CPU
		{E7688918-FC16-4DBE-80A7-89544BE798F7}.Debug|x86.Build.0 = Debug|Any CPU
		{E7688918-FC16-4DBE-80A7-89544BE798F7}.Release|Any CPU.ActiveCfg = Release|Any CPU
		{E7688918-FC16-4DBE-80A7-89544BE798F7}.Release|Any CPU.Build.0 = Release|Any CPU
		{E7688918-FC16-4DBE-80A7-89544BE798F7}.Release|x64.ActiveCfg = Release|Any CPU
		{E7688918-FC16-4DBE-80A7-89544BE798F7}.Release|x64.Build.0 = Release|Any CPU
		{E7688918-FC16-4DBE-80A7-89544BE798F7}.Release|x86.ActiveCfg = Release|Any CPU
		{E7688918-FC16-4DBE-80A7-89544BE798F7}.Release|x86.Build.0 = Release|Any CPU
		{570FCCF5-1D1E-42F7-9F66-615B305AEF13}.Debug|Any CPU.ActiveCfg = Debug|Any CPU
		{570FCCF5-1D1E-42F7-9F66-615B305AEF13}.Debug|Any CPU.Build.0 = Debug|Any CPU
		{570FCCF5-1D1E-42F7-9F66-615B305AEF13}.Debug|x64.ActiveCfg = Debug|Any CPU
		{570FCCF5-1D1E-42F7-9F66-615B305AEF13}.Debug|x64.Build.0 = Debug|Any CPU
		{570FCCF5-1D1E-42F7-9F66-615B305AEF13}.Debug|x86.ActiveCfg = Debug|Any CPU
		{570FCCF5-1D1E-42F7-9F66-615B305AEF13}.Debug|x86.Build.0 = Debug|Any CPU
		{570FCCF5-1D1E-42F7-9F66-615B305AEF13}.Release|Any CPU.ActiveCfg = Release|Any CPU
		{570FCCF5-1D1E-42F7-9F66-615B305AEF13}.Release|Any CPU.Build.0 = Release|Any CPU
		{570FCCF5-1D1E-42F7-9F66-615B305AEF13}.Release|x64.ActiveCfg = Release|Any CPU
		{570FCCF5-1D1E-42F7-9F66-615B305AEF13}.Release|x64.Build.0 = Release|Any CPU
		{570FCCF5-1D1E-42F7-9F66-615B305AEF13}.Release|x86.ActiveCfg = Release|Any CPU
		{570FCCF5-1D1E-42F7-9F66-615B305AEF13}.Release|x86.Build.0 = Release|Any CPU
		{3C4F5DFE-D381-401C-A5F3-0C4A1157DC4E}.Debug|Any CPU.ActiveCfg = Debug|Any CPU
		{3C4F5DFE-D381-401C-A5F3-0C4A1157DC4E}.Debug|Any CPU.Build.0 = Debug|Any CPU
		{3C4F5DFE-D381-401C-A5F3-0C4A1157DC4E}.Debug|x64.ActiveCfg = Debug|Any CPU
		{3C4F5DFE-D381-401C-A5F3-0C4A1157DC4E}.Debug|x64.Build.0 = Debug|Any CPU
		{3C4F5DFE-D381-401C-A5F3-0C4A1157DC4E}.Debug|x86.ActiveCfg = Debug|Any CPU
		{3C4F5DFE-D381-401C-A5F3-0C4A1157DC4E}.Debug|x86.Build.0 = Debug|Any CPU
		{3C4F5DFE-D381-401C-A5F3-0C4A1157DC4E}.Release|Any CPU.ActiveCfg = Release|Any CPU
		{3C4F5DFE-D381-401C-A5F3-0C4A1157DC4E}.Release|Any CPU.Build.0 = Release|Any CPU
		{3C4F5DFE-D381-401C-A5F3-0C4A1157DC4E}.Release|x64.ActiveCfg = Release|Any CPU
		{3C4F5DFE-D381-401C-A5F3-0C4A1157DC4E}.Release|x64.Build.0 = Release|Any CPU
		{3C4F5DFE-D381-401C-A5F3-0C4A1157DC4E}.Release|x86.ActiveCfg = Release|Any CPU
		{3C4F5DFE-D381-401C-A5F3-0C4A1157DC4E}.Release|x86.Build.0 = Release|Any CPU
		{33F18503-511F-4F6A-9B88-23CBA6820945}.Debug|Any CPU.ActiveCfg = Debug|Any CPU
		{33F18503-511F-4F6A-9B88-23CBA6820945}.Debug|Any CPU.Build.0 = Debug|Any CPU
		{33F18503-511F-4F6A-9B88-23CBA6820945}.Debug|x64.ActiveCfg = Debug|Any CPU
		{33F18503-511F-4F6A-9B88-23CBA6820945}.Debug|x64.Build.0 = Debug|Any CPU
		{33F18503-511F-4F6A-9B88-23CBA6820945}.Debug|x86.ActiveCfg = Debug|Any CPU
		{33F18503-511F-4F6A-9B88-23CBA6820945}.Debug|x86.Build.0 = Debug|Any CPU
		{33F18503-511F-4F6A-9B88-23CBA6820945}.Release|Any CPU.ActiveCfg = Release|Any CPU
		{33F18503-511F-4F6A-9B88-23CBA6820945}.Release|Any CPU.Build.0 = Release|Any CPU
		{33F18503-511F-4F6A-9B88-23CBA6820945}.Release|x64.ActiveCfg = Release|Any CPU
		{33F18503-511F-4F6A-9B88-23CBA6820945}.Release|x64.Build.0 = Release|Any CPU
		{33F18503-511F-4F6A-9B88-23CBA6820945}.Release|x86.ActiveCfg = Release|Any CPU
		{33F18503-511F-4F6A-9B88-23CBA6820945}.Release|x86.Build.0 = Release|Any CPU
		{35155F7A-0DD7-4B96-B056-9A19D7A0FC66}.Debug|Any CPU.ActiveCfg = Debug|Any CPU
		{35155F7A-0DD7-4B96-B056-9A19D7A0FC66}.Debug|Any CPU.Build.0 = Debug|Any CPU
		{35155F7A-0DD7-4B96-B056-9A19D7A0FC66}.Debug|x64.ActiveCfg = Debug|Any CPU
		{35155F7A-0DD7-4B96-B056-9A19D7A0FC66}.Debug|x64.Build.0 = Debug|Any CPU
		{35155F7A-0DD7-4B96-B056-9A19D7A0FC66}.Debug|x86.ActiveCfg = Debug|Any CPU
		{35155F7A-0DD7-4B96-B056-9A19D7A0FC66}.Debug|x86.Build.0 = Debug|Any CPU
		{35155F7A-0DD7-4B96-B056-9A19D7A0FC66}.Release|Any CPU.ActiveCfg = Release|Any CPU
		{35155F7A-0DD7-4B96-B056-9A19D7A0FC66}.Release|Any CPU.Build.0 = Release|Any CPU
		{35155F7A-0DD7-4B96-B056-9A19D7A0FC66}.Release|x64.ActiveCfg = Release|Any CPU
		{35155F7A-0DD7-4B96-B056-9A19D7A0FC66}.Release|x64.Build.0 = Release|Any CPU
		{35155F7A-0DD7-4B96-B056-9A19D7A0FC66}.Release|x86.ActiveCfg = Release|Any CPU
		{35155F7A-0DD7-4B96-B056-9A19D7A0FC66}.Release|x86.Build.0 = Release|Any CPU
		{02584320-C311-445C-B661-5ABC6924E47F}.Debug|Any CPU.ActiveCfg = Debug|Any CPU
		{02584320-C311-445C-B661-5ABC6924E47F}.Debug|Any CPU.Build.0 = Debug|Any CPU
		{02584320-C311-445C-B661-5ABC6924E47F}.Debug|x64.ActiveCfg = Debug|Any CPU
		{02584320-C311-445C-B661-5ABC6924E47F}.Debug|x64.Build.0 = Debug|Any CPU
		{02584320-C311-445C-B661-5ABC6924E47F}.Debug|x86.ActiveCfg = Debug|Any CPU
		{02584320-C311-445C-B661-5ABC6924E47F}.Debug|x86.Build.0 = Debug|Any CPU
		{02584320-C311-445C-B661-5ABC6924E47F}.Release|Any CPU.ActiveCfg = Release|Any CPU
		{02584320-C311-445C-B661-5ABC6924E47F}.Release|Any CPU.Build.0 = Release|Any CPU
		{02584320-C311-445C-B661-5ABC6924E47F}.Release|x64.ActiveCfg = Release|Any CPU
		{02584320-C311-445C-B661-5ABC6924E47F}.Release|x64.Build.0 = Release|Any CPU
		{02584320-C311-445C-B661-5ABC6924E47F}.Release|x86.ActiveCfg = Release|Any CPU
		{02584320-C311-445C-B661-5ABC6924E47F}.Release|x86.Build.0 = Release|Any CPU
		{0DCFBBED-2A8B-49A3-9852-48C2C8B82388}.Debug|Any CPU.ActiveCfg = Debug|Any CPU
		{0DCFBBED-2A8B-49A3-9852-48C2C8B82388}.Debug|Any CPU.Build.0 = Debug|Any CPU
		{0DCFBBED-2A8B-49A3-9852-48C2C8B82388}.Debug|x64.ActiveCfg = Debug|Any CPU
		{0DCFBBED-2A8B-49A3-9852-48C2C8B82388}.Debug|x64.Build.0 = Debug|Any CPU
		{0DCFBBED-2A8B-49A3-9852-48C2C8B82388}.Debug|x86.ActiveCfg = Debug|Any CPU
		{0DCFBBED-2A8B-49A3-9852-48C2C8B82388}.Debug|x86.Build.0 = Debug|Any CPU
		{0DCFBBED-2A8B-49A3-9852-48C2C8B82388}.Release|Any CPU.ActiveCfg = Release|Any CPU
		{0DCFBBED-2A8B-49A3-9852-48C2C8B82388}.Release|Any CPU.Build.0 = Release|Any CPU
		{0DCFBBED-2A8B-49A3-9852-48C2C8B82388}.Release|x64.ActiveCfg = Release|Any CPU
		{0DCFBBED-2A8B-49A3-9852-48C2C8B82388}.Release|x64.Build.0 = Release|Any CPU
		{0DCFBBED-2A8B-49A3-9852-48C2C8B82388}.Release|x86.ActiveCfg = Release|Any CPU
		{0DCFBBED-2A8B-49A3-9852-48C2C8B82388}.Release|x86.Build.0 = Release|Any CPU
		{4062A881-72A7-46F8-A7BB-EADBC67418FB}.Debug|Any CPU.ActiveCfg = Debug|Any CPU
		{4062A881-72A7-46F8-A7BB-EADBC67418FB}.Debug|Any CPU.Build.0 = Debug|Any CPU
		{4062A881-72A7-46F8-A7BB-EADBC67418FB}.Debug|x64.ActiveCfg = Debug|Any CPU
		{4062A881-72A7-46F8-A7BB-EADBC67418FB}.Debug|x64.Build.0 = Debug|Any CPU
		{4062A881-72A7-46F8-A7BB-EADBC67418FB}.Debug|x86.ActiveCfg = Debug|Any CPU
		{4062A881-72A7-46F8-A7BB-EADBC67418FB}.Debug|x86.Build.0 = Debug|Any CPU
		{4062A881-72A7-46F8-A7BB-EADBC67418FB}.Release|Any CPU.ActiveCfg = Release|Any CPU
		{4062A881-72A7-46F8-A7BB-EADBC67418FB}.Release|Any CPU.Build.0 = Release|Any CPU
		{4062A881-72A7-46F8-A7BB-EADBC67418FB}.Release|x64.ActiveCfg = Release|Any CPU
		{4062A881-72A7-46F8-A7BB-EADBC67418FB}.Release|x64.Build.0 = Release|Any CPU
		{4062A881-72A7-46F8-A7BB-EADBC67418FB}.Release|x86.ActiveCfg = Release|Any CPU
		{4062A881-72A7-46F8-A7BB-EADBC67418FB}.Release|x86.Build.0 = Release|Any CPU
		{CAFA3951-F501-4E34-95FC-66B5A6D9D49B}.Debug|Any CPU.ActiveCfg = Debug|Any CPU
		{CAFA3951-F501-4E34-95FC-66B5A6D9D49B}.Debug|Any CPU.Build.0 = Debug|Any CPU
		{CAFA3951-F501-4E34-95FC-66B5A6D9D49B}.Debug|x64.ActiveCfg = Debug|Any CPU
		{CAFA3951-F501-4E34-95FC-66B5A6D9D49B}.Debug|x64.Build.0 = Debug|Any CPU
		{CAFA3951-F501-4E34-95FC-66B5A6D9D49B}.Debug|x86.ActiveCfg = Debug|Any CPU
		{CAFA3951-F501-4E34-95FC-66B5A6D9D49B}.Debug|x86.Build.0 = Debug|Any CPU
		{CAFA3951-F501-4E34-95FC-66B5A6D9D49B}.Release|Any CPU.ActiveCfg = Release|Any CPU
		{CAFA3951-F501-4E34-95FC-66B5A6D9D49B}.Release|Any CPU.Build.0 = Release|Any CPU
		{CAFA3951-F501-4E34-95FC-66B5A6D9D49B}.Release|x64.ActiveCfg = Release|Any CPU
		{CAFA3951-F501-4E34-95FC-66B5A6D9D49B}.Release|x64.Build.0 = Release|Any CPU
		{CAFA3951-F501-4E34-95FC-66B5A6D9D49B}.Release|x86.ActiveCfg = Release|Any CPU
		{CAFA3951-F501-4E34-95FC-66B5A6D9D49B}.Release|x86.Build.0 = Release|Any CPU
	EndGlobalSection
	GlobalSection(SolutionProperties) = preSolution
		HideSolutionNode = FALSE
	EndGlobalSection
	GlobalSection(NestedProjects) = preSolution
		{B7249D7A-28AA-4BE8-9F8E-4C88A733DB53} = {0AB3BF05-4346-4AA6-1389-037BE0695223}
		{5299C4A1-9C4E-46BA-AACB-06A36E59E19C} = {0AB3BF05-4346-4AA6-1389-037BE0695223}
		{B1F50383-81DC-405B-8210-FD283DE48B30} = {5D20AA90-6969-D8BD-9DCD-8634F4692FDA}
		{7FEAE202-C720-4293-B8B9-D5C2BCD36631} = {5D20AA90-6969-D8BD-9DCD-8634F4692FDA}
		{E7688918-FC16-4DBE-80A7-89544BE798F7} = {5D20AA90-6969-D8BD-9DCD-8634F4692FDA}
		{570FCCF5-1D1E-42F7-9F66-615B305AEF13} = {0AB3BF05-4346-4AA6-1389-037BE0695223}
		{CAFA3951-F501-4E34-95FC-66B5A6D9D49B} = {0AB3BF05-4346-4AA6-1389-037BE0695223}
		{3C4F5DFE-D381-401C-A5F3-0C4A1157DC4E} = {5D20AA90-6969-D8BD-9DCD-8634F4692FDA}
	EndGlobalSection
EndGlobal
