
Microsoft Visual Studio Solution File, Format Version 12.00
Project("{FAE04EC0-301F-11D3-BF4B-00C04F79EFBC}") = "NBenchmark", "src\NBenchmark\NBenchmark.csproj", "{0000CACB-C746-4FF9-8B87-228BF6223936}"
EndProject
Project("{2150E333-8FDC-42A3-9474-1A3956D46DE8}") = "Tests", "Tests", "{0AB3BF05-4346-4AA6-1389-037BE0695223}"
EndProject
Project("{FAE04EC0-301F-11D3-BF4B-00C04F79EFBC}") = "NBenchmark.Tests", "tests\NBenchmark.Tests\NBenchmark.Tests.csproj", "{B7249D7A-28AA-4BE8-9F8E-4C88A733DB53}"
EndProject
Project("{FAE04EC0-301F-11D3-BF4B-00C04F79EFBC}") = "NBenchmark.Reporters.Console.Tests", "tests\NBenchmark.Reporters.Console.Tests\NBenchmark.Reporters.Console.Tests.csproj", "{5299C4A1-9C4E-46BA-AACB-06A36E59E19C}"
EndProject
Project("{2150E333-8FDC-42A3-9474-1A3956D46DE8}") = "Samples", "Samples", "{5D20AA90-6969-D8BD-9DCD-8634F4692FDA}"
EndProject
Project("{FAE04EC0-301F-11D3-BF4B-00C04F79EFBC}") = "Single", "samples\Single\Single.csproj", "{B1F50383-81DC-405B-8210-FD283DE48B30}"
EndProject
Project("{FAE04EC0-301F-11D3-BF4B-00C04F79EFBC}") = "Suite", "samples\Suite\Suite.csproj", "{7FEAE202-C720-4293-B8B9-D5C2BCD36631}"
EndProject
Project("{FAE04EC0-301F-11D3-BF4B-00C04F79EFBC}") = "Harness", "samples\Harness\Harness.csproj", "{E7688918-FC16-4DBE-80A7-89544BE798F7}"
EndProject
Project("{FAE04EC0-301F-11D3-BF4B-00C04F79EFBC}") = "NBenchmark.DependencyInjection.Tests", "tests\NBenchmark.DependencyInjection.Tests\NBenchmark.DependencyInjection.Tests.csproj", "{570FCCF5-1D1E-42F7-9F66-615B305AEF13}"
EndProject
Project("{FAE04EC0-301F-11D3-BF4B-00C04F79EFBC}") = "DependencyInjection", "samples\DependencyInjection\DependencyInjection.csproj", "{3C4F5DFE-D381-401C-A5F3-0C4A1157DC4E}"
EndProject
Project("{FAE04EC0-301F-11D3-BF4B-00C04F79EFBC}") = "NBenchmark.Reporters.Console", "src\NBenchmark.Reporters.Console\NBenchmark.Reporters.Console.csproj", "{33F18503-511F-4F6A-9B88-23CBA6820945}"
EndProject
Project("{FAE04EC0-301F-11D3-BF4B-00C04F79EFBC}") = "NBenchmark.DependencyInjection", "src\NBenchmark.DependencyInjection\NBenchmark.DependencyInjection.csproj", "{35155F7A-0DD7-4B96-B056-9A19D7A0FC66}"
EndProject
Project("{FAE04EC0-301F-11D3-BF4B-00C04F79EFBC}") = "NBenchmark.Analyzers", "src\NBenchmark.Analyzers\NBenchmark.Analyzers.csproj", "{02584320-C311-445C-B661-5ABC6924E47F}"
EndProject
Project("{FAE04EC0-301F-11D3-BF4B-00C04F79EFBC}") = "NBenchmark.CodeFixes", "src\NBenchmark.CodeFixes\NBenchmark.CodeFixes.csproj", "{0DCFBBED-2A8B-49A3-9852-48C2C8B82388}"
EndProject
Project("{FAE04EC0-301F-11D3-BF4B-00C04F79EFBC}") = "NBenchmark.Analyzers.Package", "src\NBenchmark.Analyzers.Package\NBenchmark.Analyzers.Package.csproj", "{4062A881-72A7-46F8-A7BB-EADBC67418FB}"
EndProject
Project("{FAE04EC0-301F-11D3-BF4B-00C04F79EFBC}") = "NBenchmark.Analyzers.Tests", "tests\NBenchmark.Analyzers.Tests\NBenchmark.Analyzers.Tests.csproj", "{CAFA3951-F501-4E34-95FC-66B5A6D9D49B}"
EndProject
Project("{2150E333-8FDC-42A3-9474-1A3956D46DE8}") = "Reporters", "Reporters", "{110B9D0B-0A1B-48A8-8CF5-078C6787EA98}"
EndProject
Project("{2150E333-8FDC-42A3-9474-1A3956D46DE8}") = "Integration", "Integration", "{6DACAAB3-5C61-4CFC-81B3-170A35BEA7E9}"
EndProject
Project("{FAE04EC0-301F-11D3-BF4B-00C04F79EFBC}") = "NBenchmark.Integration.xUnit", "src\NBenchmark.Integration.xUnit\NBenchmark.Integration.xUnit.csproj", "{A952ED61-798B-404A-8974-776E444F9C0A}"
EndProject
Project("{FAE04EC0-301F-11D3-BF4B-00C04F79EFBC}") = "NBenchmark.Integration.NUnit", "src\NBenchmark.Integration.NUnit\NBenchmark.Integration.NUnit.csproj", "{92680BD5-910A-4D79-AFE1-B6D0D4BE698F}"
EndProject
Project("{FAE04EC0-301F-11D3-BF4B-00C04F79EFBC}") = "NBenchmark.Integration.MSTest", "src\NBenchmark.Integration.MSTest\NBenchmark.Integration.MSTest.csproj", "{07396656-9BF6-4769-8AFE-6CA7F1466554}"
EndProject
Project("{FAE04EC0-301F-11D3-BF4B-00C04F79EFBC}") = "NBenchmark.Integration.xUnit.Tests", "tests\NBenchmark.Integration.xUnit.Tests\NBenchmark.Integration.xUnit.Tests.csproj", "{8778A7FB-FECE-4FE4-872F-6AE760B5C37B}"
EndProject
Project("{FAE04EC0-301F-11D3-BF4B-00C04F79EFBC}") = "NBenchmark.Integration.NUnit.Tests", "tests\NBenchmark.Integration.NUnit.Tests\NBenchmark.Integration.NUnit.Tests.csproj", "{64EDC57A-69CD-4661-AEEF-0724C6F1775D}"
EndProject
Project("{FAE04EC0-301F-11D3-BF4B-00C04F79EFBC}") = "NBenchmark.Integration.MSTest.Tests", "tests\NBenchmark.Integration.MSTest.Tests\NBenchmark.Integration.MSTest.Tests.csproj", "{95955AF8-DA78-4669-9CFB-A5203E2DE6A5}"
EndProject
Project("{FAE04EC0-301F-11D3-BF4B-00C04F79EFBC}") = "NBenchmark.Integration.Abstractions", "src\NBenchmark.Integration.Abstractions\NBenchmark.Integration.Abstractions.csproj", "{E553F31F-9EA9-4B75-9445-1F7C715F618B}"
EndProject
Project("{FAE04EC0-301F-11D3-BF4B-00C04F79EFBC}") = "SuiteAdvanced", "samples\SuiteAdvanced\SuiteAdvanced.csproj", "{F7A9C30B-9497-4A75-B8B0-3798687DC2B8}"
EndProject
Project("{FAE04EC0-301F-11D3-BF4B-00C04F79EFBC}") = "ExtensibleStats", "samples\ExtensibleStats\ExtensibleStats.csproj", "{866ED9D8-CDF9-4200-BCF7-C7EDBB8DD0EB}"
EndProject
Project("{FAE04EC0-301F-11D3-BF4B-00C04F79EFBC}") = "IsolatedRuns", "samples\IsolatedRuns\IsolatedRuns.csproj", "{AD7F1B3E-B8A0-4CE3-AF22-E2E0C9DD6003}"
EndProject
Project("{FAE04EC0-301F-11D3-BF4B-00C04F79EFBC}") = "MeasurementProfiles", "samples\MeasurementProfiles\MeasurementProfiles.csproj", "{FB0ED2EB-8F5D-4CA4-B252-EC30FAF5583A}"
EndProject
Project("{FAE04EC0-301F-11D3-BF4B-00C04F79EFBC}") = "NBenchmark.Tool", "src\NBenchmark.Tool\NBenchmark.Tool.csproj", "{E4243414-45C5-4277-8021-9257A5E74EDF}"
EndProject
Project("{FAE04EC0-301F-11D3-BF4B-00C04F79EFBC}") = "Categories", "samples\Categories\Categories.csproj", "{D1427AC3-1BBF-433D-A96F-70BE144C02A4}"
EndProject
Project("{FAE04EC0-301F-11D3-BF4B-00C04F79EFBC}") = "NBenchmark.Tests.ErrorFixtures", "tests\NBenchmark.Tests.ErrorFixtures\NBenchmark.Tests.ErrorFixtures.csproj", "{46AC083F-4E52-4191-AF84-C686721C4041}"
EndProject
Project("{FAE04EC0-301F-11D3-BF4B-00C04F79EFBC}") = "Parametric", "samples\Parametric\Parametric.csproj", "{210ED518-1561-4C09-826B-34ED57A4F1A1}"
EndProject
Project("{FAE04EC0-301F-11D3-BF4B-00C04F79EFBC}") = "SuiteParameters", "samples\SuiteParameters\SuiteParameters.csproj", "{105D3BF8-0D0F-4B7A-AFD2-2E61157FD04B}"
EndProject
Project("{FAE04EC0-301F-11D3-BF4B-00C04F79EFBC}") = "MultiRuntimeSuite", "samples\MultiRuntimeSuite\MultiRuntimeSuite.csproj", "{A1B2C3D4-E5F6-7890-ABCD-EF1234567890}"
EndProject
Project("{FAE04EC0-301F-11D3-BF4B-00C04F79EFBC}") = "MultiRuntimeHarness", "samples\MultiRuntimeHarness\MultiRuntimeHarness.csproj", "{B2C3D4E5-F6A7-8901-BCDE-F12345678901}"
EndProject
Project("{FAE04EC0-301F-11D3-BF4B-00C04F79EFBC}") = "MultiLaunch", "samples\MultiLaunch\MultiLaunch.csproj", "{C99D149B-5982-4EB3-B20E-EECF53233562}"
EndProject
Project("{FAE04EC0-301F-11D3-BF4B-00C04F79EFBC}") = "ReportDetail", "samples\ReportDetail\ReportDetail.csproj", "{D3E4F5A6-B7C8-9D0E-F1A2-B3C4D5E6F7A8}"
EndProject
Global
	GlobalSection(SolutionConfigurationPlatforms) = preSolution
		Debug|Any CPU = Debug|Any CPU
		Debug|x64 = Debug|x64
		Debug|x86 = Debug|x86
		Release|Any CPU = Release|Any CPU
		Release|x64 = Release|x64
		Release|x86 = Release|x86
	EndGlobalSection
	GlobalSection(ProjectConfigurationPlatforms) = postSolution
		{0000CACB-C746-4FF9-8B87-228BF6223936}.Debug|Any CPU.ActiveCfg = Debug|Any CPU
		{0000CACB-C746-4FF9-8B87-228BF6223936}.Debug|Any CPU.Build.0 = Debug|Any CPU
		{0000CACB-C746-4FF9-8B87-228BF6223936}.Debug|x64.ActiveCfg = Debug|Any CPU
		{0000CACB-C746-4FF9-8B87-228BF6223936}.Debug|x64.Build.0 = Debug|Any CPU
		{0000CACB-C746-4FF9-8B87-228BF6223936}.Debug|x86.ActiveCfg = Debug|Any CPU
		{0000CACB-C746-4FF9-8B87-228BF6223936}.Debug|x86.Build.0 = Debug|Any CPU
		{0000CACB-C746-4FF9-8B87-228BF6223936}.Release|Any CPU.ActiveCfg = Release|Any CPU
		{0000CACB-C746-4FF9-8B87-228BF6223936}.Release|Any CPU.Build.0 = Release|Any CPU
		{0000CACB-C746-4FF9-8B87-228BF6223936}.Release|x64.ActiveCfg = Release|Any CPU
		{0000CACB-C746-4FF9-8B87-228BF6223936}.Release|x64.Build.0 = Release|Any CPU
		{0000CACB-C746-4FF9-8B87-228BF6223936}.Release|x86.ActiveCfg = Release|Any CPU
		{0000CACB-C746-4FF9-8B87-228BF6223936}.Release|x86.Build.0 = Release|Any CPU
		{B7249D7A-28AA-4BE8-9F8E-4C88A733DB53}.Debug|Any CPU.ActiveCfg = Debug|Any CPU
		{B7249D7A-28AA-4BE8-9F8E-4C88A733DB53}.Debug|Any CPU.Build.0 = Debug|Any CPU
		{B7249D7A-28AA-4BE8-9F8E-4C88A733DB53}.Debug|x64.ActiveCfg = Debug|Any CPU
		{B7249D7A-28AA-4BE8-9F8E-4C88A733DB53}.Debug|x64.Build.0 = Debug|Any CPU
		{B7249D7A-28AA-4BE8-9F8E-4C88A733DB53}.Debug|x86.ActiveCfg = Debug|Any CPU
		{B7249D7A-28AA-4BE8-9F8E-4C88A733DB53}.Debug|x86.Build.0 = Debug|Any CPU
		{B7249D7A-28AA-4BE8-9F8E-4C88A733DB53}.Release|Any CPU.ActiveCfg = Release|Any CPU
		{B7249D7A-28AA-4BE8-9F8E-4C88A733DB53}.Release|Any CPU.Build.0 = Release|Any CPU
		{B7249D7A-28AA-4BE8-9F8E-4C88A733DB53}.Release|x64.ActiveCfg = Release|Any CPU
		{B7249D7A-28AA-4BE8-9F8E-4C88A733DB53}.Release|x64.Build.0 = Release|Any CPU
		{B7249D7A-28AA-4BE8-9F8E-4C88A733DB53}.Release|x86.ActiveCfg = Release|Any CPU
		{B7249D7A-28AA-4BE8-9F8E-4C88A733DB53}.Release|x86.Build.0 = Release|Any CPU
		{5299C4A1-9C4E-46BA-AACB-06A36E59E19C}.Debug|Any CPU.ActiveCfg = Debug|Any CPU
		{5299C4A1-9C4E-46BA-AACB-06A36E59E19C}.Debug|Any CPU.Build.0 = Debug|Any CPU
		{5299C4A1-9C4E-46BA-AACB-06A36E59E19C}.Debug|x64.ActiveCfg = Debug|Any CPU
		{5299C4A1-9C4E-46BA-AACB-06A36E59E19C}.Debug|x64.Build.0 = Debug|Any CPU
		{5299C4A1-9C4E-46BA-AACB-06A36E59E19C}.Debug|x86.ActiveCfg = Debug|Any CPU
		{5299C4A1-9C4E-46BA-AACB-06A36E59E19C}.Debug|x86.Build.0 = Debug|Any CPU
		{5299C4A1-9C4E-46BA-AACB-06A36E59E19C}.Release|Any CPU.ActiveCfg = Release|Any CPU
		{5299C4A1-9C4E-46BA-AACB-06A36E59E19C}.Release|Any CPU.Build.0 = Release|Any CPU
		{5299C4A1-9C4E-46BA-AACB-06A36E59E19C}.Release|x64.ActiveCfg = Release|Any CPU
		{5299C4A1-9C4E-46BA-AACB-06A36E59E19C}.Release|x64.Build.0 = Release|Any CPU
		{5299C4A1-9C4E-46BA-AACB-06A36E59E19C}.Release|x86.ActiveCfg = Release|Any CPU
		{5299C4A1-9C4E-46BA-AACB-06A36E59E19C}.Release|x86.Build.0 = Release|Any CPU
		{B1F50383-81DC-405B-8210-FD283DE48B30}.Debug|Any CPU.ActiveCfg = Debug|Any CPU
		{B1F50383-81DC-405B-8210-FD283DE48B30}.Debug|Any CPU.Build.0 = Debug|Any CPU
		{B1F50383-81DC-405B-8210-FD283DE48B30}.Debug|x64.ActiveCfg = Debug|Any CPU
		{B1F50383-81DC-405B-8210-FD283DE48B30}.Debug|x64.Build.0 = Debug|Any CPU
		{B1F50383-81DC-405B-8210-FD283DE48B30}.Debug|x86.ActiveCfg = Debug|Any CPU
		{B1F50383-81DC-405B-8210-FD283DE48B30}.Debug|x86.Build.0 = Debug|Any CPU
		{B1F50383-81DC-405B-8210-FD283DE48B30}.Release|Any CPU.ActiveCfg = Release|Any CPU
		{B1F50383-81DC-405B-8210-FD283DE48B30}.Release|Any CPU.Build.0 = Release|Any CPU
		{B1F50383-81DC-405B-8210-FD283DE48B30}.Release|x64.ActiveCfg = Release|Any CPU
		{B1F50383-81DC-405B-8210-FD283DE48B30}.Release|x64.Build.0 = Release|Any CPU
		{B1F50383-81DC-405B-8210-FD283DE48B30}.Release|x86.ActiveCfg = Release|Any CPU
		{B1F50383-81DC-405B-8210-FD283DE48B30}.Release|x86.Build.0 = Release|Any CPU
		{7FEAE202-C720-4293-B8B9-D5C2BCD36631}.Debug|Any CPU.ActiveCfg = Debug|Any CPU
		{7FEAE202-C720-4293-B8B9-D5C2BCD36631}.Debug|Any CPU.Build.0 = Debug|Any CPU
		{7FEAE202-C720-4293-B8B9-D5C2BCD36631}.Debug|x64.ActiveCfg = Debug|Any CPU
		{7FEAE202-C720-4293-B8B9-D5C2BCD36631}.Debug|x64.Build.0 = Debug|Any CPU
		{7FEAE202-C720-4293-B8B9-D5C2BCD36631}.Debug|x86.ActiveCfg = Debug|Any CPU
		{7FEAE202-C720-4293-B8B9-D5C2BCD36631}.Debug|x86.Build.0 = Debug|Any CPU
		{7FEAE202-C720-4293-B8B9-D5C2BCD36631}.Release|Any CPU.ActiveCfg = Release|Any CPU
		{7FEAE202-C720-4293-B8B9-D5C2BCD36631}.Release|Any CPU.Build.0 = Release|Any CPU
		{7FEAE202-C720-4293-B8B9-D5C2BCD36631}.Release|x64.ActiveCfg = Release|Any CPU
		{7FEAE202-C720-4293-B8B9-D5C2BCD36631}.Release|x64.Build.0 = Release|Any CPU
		{7FEAE202-C720-4293-B8B9-D5C2BCD36631}.Release|x86.ActiveCfg = Release|Any CPU
		{7FEAE202-C720-4293-B8B9-D5C2BCD36631}.Release|x86.Build.0 = Release|Any CPU
		{E7688918-FC16-4DBE-80A7-89544BE798F7}.Debug|Any CPU.ActiveCfg = Debug|Any CPU
		{E7688918-FC16-4DBE-80A7-89544BE798F7}.Debug|Any CPU.Build.0 = Debug|Any CPU
		{E7688918-FC16-4DBE-80A7-89544BE798F7}.Debug|x64.ActiveCfg = Debug|Any CPU
		{E7688918-FC16-4DBE-80A7-89544BE798F7}.Debug|x64.Build.0 = Debug|Any CPU
		{E7688918-FC16-4DBE-80A7-89544BE798F7}.Debug|x86.ActiveCfg = Debug|Any CPU
		{E7688918-FC16-4DBE-80A7-89544BE798F7}.Debug|x86.Build.0 = Debug|Any CPU
		{E7688918-FC16-4DBE-80A7-89544BE798F7}.Release|Any CPU.ActiveCfg = Release|Any CPU
		{E7688918-FC16-4DBE-80A7-89544BE798F7}.Release|Any CPU.Build.0 = Release|Any CPU
		{E7688918-FC16-4DBE-80A7-89544BE798F7}.Release|x64.ActiveCfg = Release|Any CPU
		{E7688918-FC16-4DBE-80A7-89544BE798F7}.Release|x64.Build.0 = Release|Any CPU
		{E7688918-FC16-4DBE-80A7-89544BE798F7}.Release|x86.ActiveCfg = Release|Any CPU
		{E7688918-FC16-4DBE-80A7-89544BE798F7}.Release|x86.Build.0 = Release|Any CPU
		{570FCCF5-1D1E-42F7-9F66-615B305AEF13}.Debug|Any CPU.ActiveCfg = Debug|Any CPU
		{570FCCF5-1D1E-42F7-9F66-615B305AEF13}.Debug|Any CPU.Build.0 = Debug|Any CPU
		{570FCCF5-1D1E-42F7-9F66-615B305AEF13}.Debug|x64.ActiveCfg = Debug|Any CPU
		{570FCCF5-1D1E-42F7-9F66-615B305AEF13}.Debug|x64.Build.0 = Debug|Any CPU
		{570FCCF5-1D1E-42F7-9F66-615B305AEF13}.Debug|x86.ActiveCfg = Debug|Any CPU
		{570FCCF5-1D1E-42F7-9F66-615B305AEF13}.Debug|x86.Build.0 = Debug|Any CPU
		{570FCCF5-1D1E-42F7-9F66-615B305AEF13}.Release|Any CPU.ActiveCfg = Release|Any CPU
		{570FCCF5-1D1E-42F7-9F66-615B305AEF13}.Release|Any CPU.Build.0 = Release|Any CPU
		{570FCCF5-1D1E-42F7-9F66-615B305AEF13}.Release|x64.ActiveCfg = Release|Any CPU
		{570FCCF5-1D1E-42F7-9F66-615B305AEF13}.Release|x64.Build.0 = Release|Any CPU
		{570FCCF5-1D1E-42F7-9F66-615B305AEF13}.Release|x86.ActiveCfg = Release|Any CPU
		{570FCCF5-1D1E-42F7-9F66-615B305AEF13}.Release|x86.Build.0 = Release|Any CPU
		{3C4F5DFE-D381-401C-A5F3-0C4A1157DC4E}.Debug|Any CPU.ActiveCfg = Debug|Any CPU
		{3C4F5DFE-D381-401C-A5F3-0C4A1157DC4E}.Debug|Any CPU.Build.0 = Debug|Any CPU
		{3C4F5DFE-D381-401C-A5F3-0C4A1157DC4E}.Debug|x64.ActiveCfg = Debug|Any CPU
		{3C4F5DFE-D381-401C-A5F3-0C4A1157DC4E}.Debug|x64.Build.0 = Debug|Any CPU
		{3C4F5DFE-D381-401C-A5F3-0C4A1157DC4E}.Debug|x86.ActiveCfg = Debug|Any CPU
		{3C4F5DFE-D381-401C-A5F3-0C4A1157DC4E}.Debug|x86.Build.0 = Debug|Any CPU
		{3C4F5DFE-D381-401C-A5F3-0C4A1157DC4E}.Release|Any CPU.ActiveCfg = Release|Any CPU
		{3C4F5DFE-D381-401C-A5F3-0C4A1157DC4E}.Release|Any CPU.Build.0 = Release|Any CPU
		{3C4F5DFE-D381-401C-A5F3-0C4A1157DC4E}.Release|x64.ActiveCfg = Release|Any CPU
		{3C4F5DFE-D381-401C-A5F3-0C4A1157DC4E}.Release|x64.Build.0 = Release|Any CPU
		{3C4F5DFE-D381-401C-A5F3-0C4A1157DC4E}.Release|x86.ActiveCfg = Release|Any CPU
		{3C4F5DFE-D381-401C-A5F3-0C4A1157DC4E}.Release|x86.Build.0 = Release|Any CPU
		{33F18503-511F-4F6A-9B88-23CBA6820945}.Debug|Any CPU.ActiveCfg = Debug|Any CPU
		{33F18503-511F-4F6A-9B88-23CBA6820945}.Debug|Any CPU.Build.0 = Debug|Any CPU
		{33F18503-511F-4F6A-9B88-23CBA6820945}.Debug|x64.ActiveCfg = Debug|Any CPU
		{33F18503-511F-4F6A-9B88-23CBA6820945}.Debug|x64.Build.0 = Debug|Any CPU
		{33F18503-511F-4F6A-9B88-23CBA6820945}.Debug|x86.ActiveCfg = Debug|Any CPU
		{33F18503-511F-4F6A-9B88-23CBA6820945}.Debug|x86.Build.0 = Debug|Any CPU
		{33F18503-511F-4F6A-9B88-23CBA6820945}.Release|Any CPU.ActiveCfg = Release|Any CPU
		{33F18503-511F-4F6A-9B88-23CBA6820945}.Release|Any CPU.Build.0 = Release|Any CPU
		{33F18503-511F-4F6A-9B88-23CBA6820945}.Release|x64.ActiveCfg = Release|Any CPU
		{33F18503-511F-4F6A-9B88-23CBA6820945}.Release|x64.Build.0 = Release|Any CPU
		{33F18503-511F-4F6A-9B88-23CBA6820945}.Release|x86.ActiveCfg = Release|Any CPU
		{33F18503-511F-4F6A-9B88-23CBA6820945}.Release|x86.Build.0 = Release|Any CPU
		{35155F7A-0DD7-4B96-B056-9A19D7A0FC66}.Debug|Any CPU.ActiveCfg = Debug|Any CPU
		{35155F7A-0DD7-4B96-B056-9A19D7A0FC66}.Debug|Any CPU.Build.0 = Debug|Any CPU
		{35155F7A-0DD7-4B96-B056-9A19D7A0FC66}.Debug|x64.ActiveCfg = Debug|Any CPU
		{35155F7A-0DD7-4B96-B056-9A19D7A0FC66}.Debug|x64.Build.0 = Debug|Any CPU
		{35155F7A-0DD7-4B96-B056-9A19D7A0FC66}.Debug|x86.ActiveCfg = Debug|Any CPU
		{35155F7A-0DD7-4B96-B056-9A19D7A0FC66}.Debug|x86.Build.0 = Debug|Any CPU
		{35155F7A-0DD7-4B96-B056-9A19D7A0FC66}.Release|Any CPU.ActiveCfg = Release|Any CPU
		{35155F7A-0DD7-4B96-B056-9A19D7A0FC66}.Release|Any CPU.Build.0 = Release|Any CPU
		{35155F7A-0DD7-4B96-B056-9A19D7A0FC66}.Release|x64.ActiveCfg = Release|Any CPU
		{35155F7A-0DD7-4B96-B056-9A19D7A0FC66}.Release|x64.Build.0 = Release|Any CPU
		{35155F7A-0DD7-4B96-B056-9A19D7A0FC66}.Release|x86.ActiveCfg = Release|Any CPU
		{35155F7A-0DD7-4B96-B056-9A19D7A0FC66}.Release|x86.Build.0 = Release|Any CPU
		{02584320-C311-445C-B661-5ABC6924E47F}.Debug|Any CPU.ActiveCfg = Debug|Any CPU
		{02584320-C311-445C-B661-5ABC6924E47F}.Debug|Any CPU.Build.0 = Debug|Any CPU
		{02584320-C311-445C-B661-5ABC6924E47F}.Debug|x64.ActiveCfg = Debug|Any CPU
		{02584320-C311-445C-B661-5ABC6924E47F}.Debug|x64.Build.0 = Debug|Any CPU
		{02584320-C311-445C-B661-5ABC6924E47F}.Debug|x86.ActiveCfg = Debug|Any CPU
		{02584320-C311-445C-B661-5ABC6924E47F}.Debug|x86.Build.0 = Debug|Any CPU
		{02584320-C311-445C-B661-5ABC6924E47F}.Release|Any CPU.ActiveCfg = Release|Any CPU
		{02584320-C311-445C-B661-5ABC6924E47F}.Release|Any CPU.Build.0 = Release|Any CPU
		{02584320-C311-445C-B661-5ABC6924E47F}.Release|x64.ActiveCfg = Release|Any CPU
		{02584320-C311-445C-B661-5ABC6924E47F}.Release|x64.Build.0 = Release|Any CPU
		{02584320-C311-445C-B661-5ABC6924E47F}.Release|x86.ActiveCfg = Release|Any CPU
		{02584320-C311-445C-B661-5ABC6924E47F}.Release|x86.Build.0 = Release|Any CPU
		{0DCFBBED-2A8B-49A3-9852-48C2C8B82388}.Debug|Any CPU.ActiveCfg = Debug|Any CPU
		{0DCFBBED-2A8B-49A3-9852-48C2C8B82388}.Debug|Any CPU.Build.0 = Debug|Any CPU
		{0DCFBBED-2A8B-49A3-9852-48C2C8B82388}.Debug|x64.ActiveCfg = Debug|Any CPU
		{0DCFBBED-2A8B-49A3-9852-48C2C8B82388}.Debug|x64.Build.0 = Debug|Any CPU
		{0DCFBBED-2A8B-49A3-9852-48C2C8B82388}.Debug|x86.ActiveCfg = Debug|Any CPU
		{0DCFBBED-2A8B-49A3-9852-48C2C8B82388}.Debug|x86.Build.0 = Debug|Any CPU
		{0DCFBBED-2A8B-49A3-9852-48C2C8B82388}.Release|Any CPU.ActiveCfg = Release|Any CPU
		{0DCFBBED-2A8B-49A3-9852-48C2C8B82388}.Release|Any CPU.Build.0 = Release|Any CPU
		{0DCFBBED-2A8B-49A3-9852-48C2C8B82388}.Release|x64.ActiveCfg = Release|Any CPU
		{0DCFBBED-2A8B-49A3-9852-48C2C8B82388}.Release|x64.Build.0 = Release|Any CPU
		{0DCFBBED-2A8B-49A3-9852-48C2C8B82388}.Release|x86.ActiveCfg = Release|Any CPU
		{0DCFBBED-2A8B-49A3-9852-48C2C8B82388}.Release|x86.Build.0 = Release|Any CPU
		{4062A881-72A7-46F8-A7BB-EADBC67418FB}.Debug|Any CPU.ActiveCfg = Debug|Any CPU
		{4062A881-72A7-46F8-A7BB-EADBC67418FB}.Debug|Any CPU.Build.0 = Debug|Any CPU
		{4062A881-72A7-46F8-A7BB-EADBC67418FB}.Debug|x64.ActiveCfg = Debug|Any CPU
		{4062A881-72A7-46F8-A7BB-EADBC67418FB}.Debug|x64.Build.0 = Debug|Any CPU
		{4062A881-72A7-46F8-A7BB-EADBC67418FB}.Debug|x86.ActiveCfg = Debug|Any CPU
		{4062A881-72A7-46F8-A7BB-EADBC67418FB}.Debug|x86.Build.0 = Debug|Any CPU
		{4062A881-72A7-46F8-A7BB-EADBC67418FB}.Release|Any CPU.ActiveCfg = Release|Any CPU
		{4062A881-72A7-46F8-A7BB-EADBC67418FB}.Release|Any CPU.Build.0 = Release|Any CPU
		{4062A881-72A7-46F8-A7BB-EADBC67418FB}.Release|x64.ActiveCfg = Release|Any CPU
		{4062A881-72A7-46F8-A7BB-EADBC67418FB}.Release|x64.Build.0 = Release|Any CPU
		{4062A881-72A7-46F8-A7BB-EADBC67418FB}.Release|x86.ActiveCfg = Release|Any CPU
		{4062A881-72A7-46F8-A7BB-EADBC67418FB}.Release|x86.Build.0 = Release|Any CPU
		{CAFA3951-F501-4E34-95FC-66B5A6D9D49B}.Debug|Any CPU.ActiveCfg = Debug|Any CPU
		{CAFA3951-F501-4E34-95FC-66B5A6D9D49B}.Debug|Any CPU.Build.0 = Debug|Any CPU
		{CAFA3951-F501-4E34-95FC-66B5A6D9D49B}.Debug|x64.ActiveCfg = Debug|Any CPU
		{CAFA3951-F501-4E34-95FC-66B5A6D9D49B}.Debug|x64.Build.0 = Debug|Any CPU
		{CAFA3951-F501-4E34-95FC-66B5A6D9D49B}.Debug|x86.ActiveCfg = Debug|Any CPU
		{CAFA3951-F501-4E34-95FC-66B5A6D9D49B}.Debug|x86.Build.0 = Debug|Any CPU
		{CAFA3951-F501-4E34-95FC-66B5A6D9D49B}.Release|Any CPU.ActiveCfg = Release|Any CPU
		{CAFA3951-F501-4E34-95FC-66B5A6D9D49B}.Release|Any CPU.Build.0 = Release|Any CPU
		{CAFA3951-F501-4E34-95FC-66B5A6D9D49B}.Release|x64.ActiveCfg = Release|Any CPU
		{CAFA3951-F501-4E34-95FC-66B5A6D9D49B}.Release|x64.Build.0 = Release|Any CPU
		{CAFA3951-F501-4E34-95FC-66B5A6D9D49B}.Release|x86.ActiveCfg = Release|Any CPU
		{CAFA3951-F501-4E34-95FC-66B5A6D9D49B}.Release|x86.Build.0 = Release|Any CPU
		{A952ED61-798B-404A-8974-776E444F9C0A}.Debug|Any CPU.ActiveCfg = Debug|Any CPU
		{A952ED61-798B-404A-8974-776E444F9C0A}.Debug|Any CPU.Build.0 = Debug|Any CPU
		{A952ED61-798B-404A-8974-776E444F9C0A}.Debug|x64.ActiveCfg = Debug|Any CPU
		{A952ED61-798B-404A-8974-776E444F9C0A}.Debug|x64.Build.0 = Debug|Any CPU
		{A952ED61-798B-404A-8974-776E444F9C0A}.Debug|x86.ActiveCfg = Debug|Any CPU
		{A952ED61-798B-404A-8974-776E444F9C0A}.Debug|x86.Build.0 = Debug|Any CPU
		{A952ED61-798B-404A-8974-776E444F9C0A}.Release|Any CPU.ActiveCfg = Release|Any CPU
		{A952ED61-798B-404A-8974-776E444F9C0A}.Release|Any CPU.Build.0 = Release|Any CPU
		{A952ED61-798B-404A-8974-776E444F9C0A}.Release|x64.ActiveCfg = Release|Any CPU
		{A952ED61-798B-404A-8974-776E444F9C0A}.Release|x64.Build.0 = Release|Any CPU
		{A952ED61-798B-404A-8974-776E444F9C0A}.Release|x86.ActiveCfg = Release|Any CPU
		{A952ED61-798B-404A-8974-776E444F9C0A}.Release|x86.Build.0 = Release|Any CPU
		{92680BD5-910A-4D79-AFE1-B6D0D4BE698F}.Debug|Any CPU.ActiveCfg = Debug|Any CPU
		{92680BD5-910A-4D79-AFE1-B6D0D4BE698F}.Debug|Any CPU.Build.0 = Debug|Any CPU
		{92680BD5-910A-4D79-AFE1-B6D0D4BE698F}.Debug|x64.ActiveCfg = Debug|Any CPU
		{92680BD5-910A-4D79-AFE1-B6D0D4BE698F}.Debug|x64.Build.0 = Debug|Any CPU
		{92680BD5-910A-4D79-AFE1-B6D0D4BE698F}.Debug|x86.ActiveCfg = Debug|Any CPU
		{92680BD5-910A-4D79-AFE1-B6D0D4BE698F}.Debug|x86.Build.0 = Debug|Any CPU
		{92680BD5-910A-4D79-AFE1-B6D0D4BE698F}.Release|Any CPU.ActiveCfg = Release|Any CPU
		{92680BD5-910A-4D79-AFE1-B6D0D4BE698F}.Release|Any CPU.Build.0 = Release|Any CPU
		{92680BD5-910A-4D79-AFE1-B6D0D4BE698F}.Release|x64.ActiveCfg = Release|Any CPU
		{92680BD5-910A-4D79-AFE1-B6D0D4BE698F}.Release|x64.Build.0 = Release|Any CPU
		{92680BD5-910A-4D79-AFE1-B6D0D4BE698F}.Release|x86.ActiveCfg = Release|Any CPU
		{92680BD5-910A-4D79-AFE1-B6D0D4BE698F}.Release|x86.Build.0 = Release|Any CPU
		{07396656-9BF6-4769-8AFE-6CA7F1466554}.Debug|Any CPU.ActiveCfg = Debug|Any CPU
		{07396656-9BF6-4769-8AFE-6CA7F1466554}.Debug|Any CPU.Build.0 = Debug|Any CPU
		{07396656-9BF6-4769-8AFE-6CA7F1466554}.Debug|x64.ActiveCfg = Debug|Any CPU
		{07396656-9BF6-4769-8AFE-6CA7F1466554}.Debug|x64.Build.0 = Debug|Any CPU
		{07396656-9BF6-4769-8AFE-6CA7F1466554}.Debug|x86.ActiveCfg = Debug|Any CPU
		{07396656-9BF6-4769-8AFE-6CA7F1466554}.Debug|x86.Build.0 = Debug|Any CPU
		{07396656-9BF6-4769-8AFE-6CA7F1466554}.Release|Any CPU.ActiveCfg = Release|Any CPU
		{07396656-9BF6-4769-8AFE-6CA7F1466554}.Release|Any CPU.Build.0 = Release|Any CPU
		{07396656-9BF6-4769-8AFE-6CA7F1466554}.Release|x64.ActiveCfg = Release|Any CPU
		{07396656-9BF6-4769-8AFE-6CA7F1466554}.Release|x64.Build.0 = Release|Any CPU
		{07396656-9BF6-4769-8AFE-6CA7F1466554}.Release|x86.ActiveCfg = Release|Any CPU
		{07396656-9BF6-4769-8AFE-6CA7F1466554}.Release|x86.Build.0 = Release|Any CPU
		{8778A7FB-FECE-4FE4-872F-6AE760B5C37B}.Debug|Any CPU.ActiveCfg = Debug|Any CPU
		{8778A7FB-FECE-4FE4-872F-6AE760B5C37B}.Debug|Any CPU.Build.0 = Debug|Any CPU
		{8778A7FB-FECE-4FE4-872F-6AE760B5C37B}.Debug|x64.ActiveCfg = Debug|Any CPU
		{8778A7FB-FECE-4FE4-872F-6AE760B5C37B}.Debug|x64.Build.0 = Debug|Any CPU
		{8778A7FB-FECE-4FE4-872F-6AE760B5C37B}.Debug|x86.ActiveCfg = Debug|Any CPU
		{8778A7FB-FECE-4FE4-872F-6AE760B5C37B}.Debug|x86.Build.0 = Debug|Any CPU
		{8778A7FB-FECE-4FE4-872F-6AE760B5C37B}.Release|Any CPU.ActiveCfg = Release|Any CPU
		{8778A7FB-FECE-4FE4-872F-6AE760B5C37B}.Release|Any CPU.Build.0 = Release|Any CPU
		{8778A7FB-FECE-4FE4-872F-6AE760B5C37B}.Release|x64.ActiveCfg = Release|Any CPU
		{8778A7FB-FECE-4FE4-872F-6AE760B5C37B}.Release|x64.Build.0 = Release|Any CPU
		{8778A7FB-FECE-4FE4-872F-6AE760B5C37B}.Release|x86.ActiveCfg = Release|Any CPU
		{8778A7FB-FECE-4FE4-872F-6AE760B5C37B}.Release|x86.Build.0 = Release|Any CPU
		{64EDC57A-69CD-4661-AEEF-0724C6F1775D}.Debug|Any CPU.ActiveCfg = Debug|Any CPU
		{64EDC57A-69CD-4661-AEEF-0724C6F1775D}.Debug|Any CPU.Build.0 = Debug|Any CPU
		{64EDC57A-69CD-4661-AEEF-0724C6F1775D}.Debug|x64.ActiveCfg = Debug|Any CPU
		{64EDC57A-69CD-4661-AEEF-0724C6F1775D}.Debug|x64.Build.0 = Debug|Any CPU
		{64EDC57A-69CD-4661-AEEF-0724C6F1775D}.Debug|x86.ActiveCfg = Debug|Any CPU
		{64EDC57A-69CD-4661-AEEF-0724C6F1775D}.Debug|x86.Build.0 = Debug|Any CPU
		{64EDC57A-69CD-4661-AEEF-0724C6F1775D}.Release|Any CPU.ActiveCfg = Release|Any CPU
		{64EDC57A-69CD-4661-AEEF-0724C6F1775D}.Release|Any CPU.Build.0 = Release|Any CPU
		{64EDC57A-69CD-4661-AEEF-0724C6F1775D}.Release|x64.ActiveCfg = Release|Any CPU
		{64EDC57A-69CD-4661-AEEF-0724C6F1775D}.Release|x64.Build.0 = Release|Any CPU
		{64EDC57A-69CD-4661-AEEF-0724C6F1775D}.Release|x86.ActiveCfg = Release|Any CPU
		{64EDC57A-69CD-4661-AEEF-0724C6F1775D}.Release|x86.Build.0 = Release|Any CPU
		{95955AF8-DA78-4669-9CFB-A5203E2DE6A5}.Debug|Any CPU.ActiveCfg = Debug|Any CPU
		{95955AF8-DA78-4669-9CFB-A5203E2DE6A5}.Debug|Any CPU.Build.0 = Debug|Any CPU
		{95955AF8-DA78-4669-9CFB-A5203E2DE6A5}.Debug|x64.ActiveCfg = Debug|Any CPU
		{95955AF8-DA78-4669-9CFB-A5203E2DE6A5}.Debug|x64.Build.0 = Debug|Any CPU
		{95955AF8-DA78-4669-9CFB-A5203E2DE6A5}.Debug|x86.ActiveCfg = Debug|Any CPU
		{95955AF8-DA78-4669-9CFB-A5203E2DE6A5}.Debug|x86.Build.0 = Debug|Any CPU
		{95955AF8-DA78-4669-9CFB-A5203E2DE6A5}.Release|Any CPU.ActiveCfg = Release|Any CPU
		{95955AF8-DA78-4669-9CFB-A5203E2DE6A5}.Release|Any CPU.Build.0 = Release|Any CPU
		{95955AF8-DA78-4669-9CFB-A5203E2DE6A5}.Release|x64.ActiveCfg = Release|Any CPU
		{95955AF8-DA78-4669-9CFB-A5203E2DE6A5}.Release|x64.Build.0 = Release|Any CPU
		{95955AF8-DA78-4669-9CFB-A5203E2DE6A5}.Release|x86.ActiveCfg = Release|Any CPU
		{95955AF8-DA78-4669-9CFB-A5203E2DE6A5}.Release|x86.Build.0 = Release|Any CPU
		{E553F31F-9EA9-4B75-9445-1F7C715F618B}.Debug|Any CPU.ActiveCfg = Debug|Any CPU
		{E553F31F-9EA9-4B75-9445-1F7C715F618B}.Debug|Any CPU.Build.0 = Debug|Any CPU
		{E553F31F-9EA9-4B75-9445-1F7C715F618B}.Debug|x64.ActiveCfg = Debug|Any CPU
		{E553F31F-9EA9-4B75-9445-1F7C715F618B}.Debug|x64.Build.0 = Debug|Any CPU
		{E553F31F-9EA9-4B75-9445-1F7C715F618B}.Debug|x86.ActiveCfg = Debug|Any CPU
		{E553F31F-9EA9-4B75-9445-1F7C715F618B}.Debug|x86.Build.0 = Debug|Any CPU
		{E553F31F-9EA9-4B75-9445-1F7C715F618B}.Release|Any CPU.ActiveCfg = Release|Any CPU
		{E553F31F-9EA9-4B75-9445-1F7C715F618B}.Release|Any CPU.Build.0 = Release|Any CPU
		{E553F31F-9EA9-4B75-9445-1F7C715F618B}.Release|x64.ActiveCfg = Release|Any CPU
		{E553F31F-9EA9-4B75-9445-1F7C715F618B}.Release|x64.Build.0 = Release|Any CPU
		{E553F31F-9EA9-4B75-9445-1F7C715F618B}.Release|x86.ActiveCfg = Release|Any CPU
		{E553F31F-9EA9-4B75-9445-1F7C715F618B}.Release|x86.Build.0 = Release|Any CPU
		{F7A9C30B-9497-4A75-B8B0-3798687DC2B8}.Debug|Any CPU.ActiveCfg = Debug|Any CPU
		{F7A9C30B-9497-4A75-B8B0-3798687DC2B8}.Debug|Any CPU.Build.0 = Debug|Any CPU
		{F7A9C30B-9497-4A75-B8B0-3798687DC2B8}.Debug|x64.ActiveCfg = Debug|Any CPU
		{F7A9C30B-9497-4A75-B8B0-3798687DC2B8}.Debug|x64.Build.0 = Debug|Any CPU
		{F7A9C30B-9497-4A75-B8B0-3798687DC2B8}.Debug|x86.ActiveCfg = Debug|Any CPU
		{F7A9C30B-9497-4A75-B8B0-3798687DC2B8}.Debug|x86.Build.0 = Debug|Any CPU
		{F7A9C30B-9497-4A75-B8B0-3798687DC2B8}.Release|Any CPU.ActiveCfg = Release|Any CPU
		{F7A9C30B-9497-4A75-B8B0-3798687DC2B8}.Release|Any CPU.Build.0 = Release|Any CPU
		{F7A9C30B-9497-4A75-B8B0-3798687DC2B8}.Release|x64.ActiveCfg = Release|Any CPU
		{F7A9C30B-9497-4A75-B8B0-3798687DC2B8}.Release|x64.Build.0 = Release|Any CPU
		{F7A9C30B-9497-4A75-B8B0-3798687DC2B8}.Release|x86.ActiveCfg = Release|Any CPU
		{F7A9C30B-9497-4A75-B8B0-3798687DC2B8}.Release|x86.Build.0 = Release|Any CPU
		{866ED9D8-CDF9-4200-BCF7-C7EDBB8DD0EB}.Debug|Any CPU.ActiveCfg = Debug|Any CPU
		{866ED9D8-CDF9-4200-BCF7-C7EDBB8DD0EB}.Debug|Any CPU.Build.0 = Debug|Any CPU
		{866ED9D8-CDF9-4200-BCF7-C7EDBB8DD0EB}.Debug|x64.ActiveCfg = Debug|Any CPU
		{866ED9D8-CDF9-4200-BCF7-C7EDBB8DD0EB}.Debug|x64.Build.0 = Debug|Any CPU
		{866ED9D8-CDF9-4200-BCF7-C7EDBB8DD0EB}.Debug|x86.ActiveCfg = Debug|Any CPU
		{866ED9D8-CDF9-4200-BCF7-C7EDBB8DD0EB}.Debug|x86.Build.0 = Debug|Any CPU
		{866ED9D8-CDF9-4200-BCF7-C7EDBB8DD0EB}.Release|Any CPU.ActiveCfg = Release|Any CPU
		{866ED9D8-CDF9-4200-BCF7-C7EDBB8DD0EB}.Release|Any CPU.Build.0 = Release|Any CPU
		{866ED9D8-CDF9-4200-BCF7-C7EDBB8DD0EB}.Release|x64.ActiveCfg = Release|Any CPU
		{866ED9D8-CDF9-4200-BCF7-C7EDBB8DD0EB}.Release|x64.Build.0 = Release|Any CPU
		{866ED9D8-CDF9-4200-BCF7-C7EDBB8DD0EB}.Release|x86.ActiveCfg = Release|Any CPU
		{866ED9D8-CDF9-4200-BCF7-C7EDBB8DD0EB}.Release|x86.Build.0 = Release|Any CPU
		{AD7F1B3E-B8A0-4CE3-AF22-E2E0C9DD6003}.Debug|Any CPU.ActiveCfg = Debug|Any CPU
		{AD7F1B3E-B8A0-4CE3-AF22-E2E0C9DD6003}.Debug|Any CPU.Build.0 = Debug|Any CPU
		{AD7F1B3E-B8A0-4CE3-AF22-E2E0C9DD6003}.Debug|x64.ActiveCfg = Debug|Any CPU
		{AD7F1B3E-B8A0-4CE3-AF22-E2E0C9DD6003}.Debug|x64.Build.0 = Debug|Any CPU
		{AD7F1B3E-B8A0-4CE3-AF22-E2E0C9DD6003}.Debug|x86.ActiveCfg = Debug|Any CPU
		{AD7F1B3E-B8A0-4CE3-AF22-E2E0C9DD6003}.Debug|x86.Build.0 = Debug|Any CPU
		{AD7F1B3E-B8A0-4CE3-AF22-E2E0C9DD6003}.Release|Any CPU.ActiveCfg = Release|Any CPU
		{AD7F1B3E-B8A0-4CE3-AF22-E2E0C9DD6003}.Release|Any CPU.Build.0 = Release|Any CPU
		{AD7F1B3E-B8A0-4CE3-AF22-E2E0C9DD6003}.Release|x64.ActiveCfg = Release|Any CPU
		{AD7F1B3E-B8A0-4CE3-AF22-E2E0C9DD6003}.Release|x64.Build.0 = Release|Any CPU
		{AD7F1B3E-B8A0-4CE3-AF22-E2E0C9DD6003}.Release|x86.ActiveCfg = Release|Any CPU
		{AD7F1B3E-B8A0-4CE3-AF22-E2E0C9DD6003}.Release|x86.Build.0 = Release|Any CPU
		{FB0ED2EB-8F5D-4CA4-B252-EC30FAF5583A}.Debug|Any CPU.ActiveCfg = Debug|Any CPU
		{FB0ED2EB-8F5D-4CA4-B252-EC30FAF5583A}.Debug|Any CPU.Build.0 = Debug|Any CPU
		{FB0ED2EB-8F5D-4CA4-B252-EC30FAF5583A}.Debug|x64.ActiveCfg = Debug|Any CPU
		{FB0ED2EB-8F5D-4CA4-B252-EC30FAF5583A}.Debug|x64.Build.0 = Debug|Any CPU
		{FB0ED2EB-8F5D-4CA4-B252-EC30FAF5583A}.Debug|x86.ActiveCfg = Debug|Any CPU
		{FB0ED2EB-8F5D-4CA4-B252-EC30FAF5583A}.Debug|x86.Build.0 = Debug|Any CPU
		{FB0ED2EB-8F5D-4CA4-B252-EC30FAF5583A}.Release|Any CPU.ActiveCfg = Release|Any CPU
		{FB0ED2EB-8F5D-4CA4-B252-EC30FAF5583A}.Release|Any CPU.Build.0 = Release|Any CPU
		{FB0ED2EB-8F5D-4CA4-B252-EC30FAF5583A}.Release|x64.ActiveCfg = Release|Any CPU
		{FB0ED2EB-8F5D-4CA4-B252-EC30FAF5583A}.Release|x64.Build.0 = Release|Any CPU
		{FB0ED2EB-8F5D-4CA4-B252-EC30FAF5583A}.Release|x86.ActiveCfg = Release|Any CPU
		{FB0ED2EB-8F5D-4CA4-B252-EC30FAF5583A}.Release|x86.Build.0 = Release|Any CPU
		{E4243414-45C5-4277-8021-9257A5E74EDF}.Debug|Any CPU.ActiveCfg = Debug|Any CPU
		{E4243414-45C5-4277-8021-9257A5E74EDF}.Debug|Any CPU.Build.0 = Debug|Any CPU
		{E4243414-45C5-4277-8021-9257A5E74EDF}.Debug|x64.ActiveCfg = Debug|Any CPU
		{E4243414-45C5-4277-8021-9257A5E74EDF}.Debug|x64.Build.0 = Debug|Any CPU
		{E4243414-45C5-4277-8021-9257A5E74EDF}.Debug|x86.ActiveCfg = Debug|Any CPU
		{E4243414-45C5-4277-8021-9257A5E74EDF}.Debug|x86.Build.0 = Debug|Any CPU
		{E4243414-45C5-4277-8021-9257A5E74EDF}.Release|Any CPU.ActiveCfg = Release|Any CPU
		{E4243414-45C5-4277-8021-9257A5E74EDF}.Release|Any CPU.Build.0 = Release|Any CPU
		{E4243414-45C5-4277-8021-9257A5E74EDF}.Release|x64.ActiveCfg = Release|Any CPU
		{E4243414-45C5-4277-8021-9257A5E74EDF}.Release|x64.Build.0 = Release|Any CPU
		{E4243414-45C5-4277-8021-9257A5E74EDF}.Release|x86.ActiveCfg = Release|Any CPU
		{E4243414-45C5-4277-8021-9257A5E74EDF}.Release|x86.Build.0 = Release|Any CPU
		{D1427AC3-1BBF-433D-A96F-70BE144C02A4}.Debug|Any CPU.ActiveCfg = Debug|Any CPU
		{D1427AC3-1BBF-433D-A96F-70BE144C02A4}.Debug|Any CPU.Build.0 = Debug|Any CPU
		{D1427AC3-1BBF-433D-A96F-70BE144C02A4}.Debug|x64.ActiveCfg = Debug|Any CPU
		{D1427AC3-1BBF-433D-A96F-70BE144C02A4}.Debug|x64.Build.0 = Debug|Any CPU
		{D1427AC3-1BBF-433D-A96F-70BE144C02A4}.Debug|x86.ActiveCfg = Debug|Any CPU
		{D1427AC3-1BBF-433D-A96F-70BE144C02A4}.Debug|x86.Build.0 = Debug|Any CPU
		{D1427AC3-1BBF-433D-A96F-70BE144C02A4}.Release|Any CPU.ActiveCfg = Release|Any CPU
		{D1427AC3-1BBF-433D-A96F-70BE144C02A4}.Release|Any CPU.Build.0 = Release|Any CPU
		{D1427AC3-1BBF-433D-A96F-70BE144C02A4}.Release|x64.ActiveCfg = Release|Any CPU
		{D1427AC3-1BBF-433D-A96F-70BE144C02A4}.Release|x64.Build.0 = Release|Any CPU
		{D1427AC3-1BBF-433D-A96F-70BE144C02A4}.Release|x86.ActiveCfg = Release|Any CPU
		{D1427AC3-1BBF-433D-A96F-70BE144C02A4}.Release|x86.Build.0 = Release|Any CPU
		{46AC083F-4E52-4191-AF84-C686721C4041}.Debug|Any CPU.ActiveCfg = Debug|Any CPU
		{46AC083F-4E52-4191-AF84-C686721C4041}.Debug|Any CPU.Build.0 = Debug|Any CPU
		{46AC083F-4E52-4191-AF84-C686721C4041}.Debug|x64.ActiveCfg = Debug|Any CPU
		{46AC083F-4E52-4191-AF84-C686721C4041}.Debug|x64.Build.0 = Debug|Any CPU
		{46AC083F-4E52-4191-AF84-C686721C4041}.Debug|x86.ActiveCfg = Debug|Any CPU
		{46AC083F-4E52-4191-AF84-C686721C4041}.Debug|x86.Build.0 = Debug|Any CPU
		{46AC083F-4E52-4191-AF84-C686721C4041}.Release|Any CPU.ActiveCfg = Release|Any CPU
		{46AC083F-4E52-4191-AF84-C686721C4041}.Release|Any CPU.Build.0 = Release|Any CPU
		{46AC083F-4E52-4191-AF84-C686721C4041}.Release|x64.ActiveCfg = Release|Any CPU
		{46AC083F-4E52-4191-AF84-C686721C4041}.Release|x64.Build.0 = Release|Any CPU
		{46AC083F-4E52-4191-AF84-C686721C4041}.Release|x86.ActiveCfg = Release|Any CPU
		{46AC083F-4E52-4191-AF84-C686721C4041}.Release|x86.Build.0 = Release|Any CPU
		{210ED518-1561-4C09-826B-34ED57A4F1A1}.Debug|Any CPU.ActiveCfg = Debug|Any CPU
		{210ED518-1561-4C09-826B-34ED57A4F1A1}.Debug|Any CPU.Build.0 = Debug|Any CPU
		{210ED518-1561-4C09-826B-34ED57A4F1A1}.Debug|x64.ActiveCfg = Debug|Any CPU
		{210ED518-1561-4C09-826B-34ED57A4F1A1}.Debug|x64.Build.0 = Debug|Any CPU
		{210ED518-1561-4C09-826B-34ED57A4F1A1}.Debug|x86.ActiveCfg = Debug|Any CPU
		{210ED518-1561-4C09-826B-34ED57A4F1A1}.Debug|x86.Build.0 = Debug|Any CPU
		{210ED518-1561-4C09-826B-34ED57A4F1A1}.Release|Any CPU.ActiveCfg = Release|Any CPU
		{210ED518-1561-4C09-826B-34ED57A4F1A1}.Release|Any CPU.Build.0 = Release|Any CPU
		{210ED518-1561-4C09-826B-34ED57A4F1A1}.Release|x64.ActiveCfg = Release|Any CPU
		{210ED518-1561-4C09-826B-34ED57A4F1A1}.Release|x64.Build.0 = Release|Any CPU
		{210ED518-1561-4C09-826B-34ED57A4F1A1}.Release|x86.ActiveCfg = Release|Any CPU
		{210ED518-1561-4C09-826B-34ED57A4F1A1}.Release|x86.Build.0 = Release|Any CPU
		{105D3BF8-0D0F-4B7A-AFD2-2E61157FD04B}.Debug|Any CPU.ActiveCfg = Debug|Any CPU
		{105D3BF8-0D0F-4B7A-AFD2-2E61157FD04B}.Debug|Any CPU.Build.0 = Debug|Any CPU
		{105D3BF8-0D0F-4B7A-AFD2-2E61157FD04B}.Debug|x64.ActiveCfg = Debug|Any CPU
		{105D3BF8-0D0F-4B7A-AFD2-2E61157FD04B}.Debug|x64.Build.0 = Debug|Any CPU
		{105D3BF8-0D0F-4B7A-AFD2-2E61157FD04B}.Debug|x86.ActiveCfg = Debug|Any CPU
		{105D3BF8-0D0F-4B7A-AFD2-2E61157FD04B}.Debug|x86.Build.0 = Debug|Any CPU
		{105D3BF8-0D0F-4B7A-AFD2-2E61157FD04B}.Release|Any CPU.ActiveCfg = Release|Any CPU
		{105D3BF8-0D0F-4B7A-AFD2-2E61157FD04B}.Release|Any CPU.Build.0 = Release|Any CPU
		{105D3BF8-0D0F-4B7A-AFD2-2E61157FD04B}.Release|x64.ActiveCfg = Release|Any CPU
		{105D3BF8-0D0F-4B7A-AFD2-2E61157FD04B}.Release|x64.Build.0 = Release|Any CPU
		{105D3BF8-0D0F-4B7A-AFD2-2E61157FD04B}.Release|x86.ActiveCfg = Release|Any CPU
		{105D3BF8-0D0F-4B7A-AFD2-2E61157FD04B}.Release|x86.Build.0 = Release|Any CPU
		{B2C3D4E5-F6A7-8901-BCDE-F12345678901}.Debug|Any CPU.ActiveCfg = Debug|Any CPU
		{B2C3D4E5-F6A7-8901-BCDE-F12345678901}.Debug|Any CPU.Build.0 = Debug|Any CPU
		{B2C3D4E5-F6A7-8901-BCDE-F12345678901}.Debug|x64.ActiveCfg = Debug|Any CPU
		{B2C3D4E5-F6A7-8901-BCDE-F12345678901}.Debug|x64.Build.0 = Debug|Any CPU
		{B2C3D4E5-F6A7-8901-BCDE-F12345678901}.Debug|x86.ActiveCfg = Debug|Any CPU
		{B2C3D4E5-F6A7-8901-BCDE-F12345678901}.Debug|x86.Build.0 = Debug|Any CPU
		{B2C3D4E5-F6A7-8901-BCDE-F12345678901}.Release|Any CPU.ActiveCfg = Release|Any CPU
		{B2C3D4E5-F6A7-8901-BCDE-F12345678901}.Release|Any CPU.Build.0 = Release|Any CPU
		{B2C3D4E5-F6A7-8901-BCDE-F12345678901}.Release|x64.ActiveCfg = Release|Any CPU
		{B2C3D4E5-F6A7-8901-BCDE-F12345678901}.Release|x64.Build.0 = Release|Any CPU
		{B2C3D4E5-F6A7-8901-BCDE-F12345678901}.Release|x86.ActiveCfg = Release|Any CPU
		{B2C3D4E5-F6A7-8901-BCDE-F12345678901}.Release|x86.Build.0 = Release|Any CPU
		{A1B2C3D4-E5F6-7890-ABCD-EF1234567890}.Debug|Any CPU.ActiveCfg = Debug|Any CPU
		{A1B2C3D4-E5F6-7890-ABCD-EF1234567890}.Debug|Any CPU.Build.0 = Debug|Any CPU
		{A1B2C3D4-E5F6-7890-ABCD-EF1234567890}.Debug|x64.ActiveCfg = Debug|Any CPU
		{A1B2C3D4-E5F6-7890-ABCD-EF1234567890}.Debug|x64.Build.0 = Debug|Any CPU
		{A1B2C3D4-E5F6-7890-ABCD-EF1234567890}.Debug|x86.ActiveCfg = Debug|Any CPU
		{A1B2C3D4-E5F6-7890-ABCD-EF1234567890}.Debug|x86.Build.0 = Debug|Any CPU
		{A1B2C3D4-E5F6-7890-ABCD-EF1234567890}.Release|Any CPU.ActiveCfg = Release|Any CPU
		{A1B2C3D4-E5F6-7890-ABCD-EF1234567890}.Release|Any CPU.Build.0 = Release|Any CPU
		{A1B2C3D4-E5F6-7890-ABCD-EF1234567890}.Release|x64.ActiveCfg = Release|Any CPU
		{A1B2C3D4-E5F6-7890-ABCD-EF1234567890}.Release|x64.Build.0 = Release|Any CPU
		{A1B2C3D4-E5F6-7890-ABCD-EF1234567890}.Release|x86.ActiveCfg = Release|Any CPU
		{A1B2C3D4-E5F6-7890-ABCD-EF1234567890}.Release|x86.Build.0 = Release|Any CPU
		{C99D149B-5982-4EB3-B20E-EECF53233562}.Debug|Any CPU.ActiveCfg = Debug|Any CPU
		{C99D149B-5982-4EB3-B20E-EECF53233562}.Debug|Any CPU.Build.0 = Debug|Any CPU
		{C99D149B-5982-4EB3-B20E-EECF53233562}.Debug|x64.ActiveCfg = Debug|Any CPU
		{C99D149B-5982-4EB3-B20E-EECF53233562}.Debug|x64.Build.0 = Debug|Any CPU
		{C99D149B-5982-4EB3-B20E-EECF53233562}.Debug|x86.ActiveCfg = Debug|Any CPU
		{C99D149B-5982-4EB3-B20E-EECF53233562}.Debug|x86.Build.0 = Debug|Any CPU
		{C99D149B-5982-4EB3-B20E-EECF53233562}.Release|Any CPU.ActiveCfg = Release|Any CPU
		{C99D149B-5982-4EB3-B20E-EECF53233562}.Release|Any CPU.Build.0 = Release|Any CPU
		{C99D149B-5982-4EB3-B20E-EECF53233562}.Release|x64.ActiveCfg = Release|Any CPU
		{C99D149B-5982-4EB3-B20E-EECF53233562}.Release|x64.Build.0 = Release|Any CPU
		{C99D149B-5982-4EB3-B20E-EECF53233562}.Release|x86.ActiveCfg = Release|Any CPU
		{C99D149B-5982-4EB3-B20E-EECF53233562}.Release|x86.Build.0 = Release|Any CPU
		{D3E4F5A6-B7C8-9D0E-F1A2-B3C4D5E6F7A8}.Debug|Any CPU.ActiveCfg = Debug|Any CPU
		{D3E4F5A6-B7C8-9D0E-F1A2-B3C4D5E6F7A8}.Debug|Any CPU.Build.0 = Debug|Any CPU
		{D3E4F5A6-B7C8-9D0E-F1A2-B3C4D5E6F7A8}.Debug|x64.ActiveCfg = Debug|Any CPU
		{D3E4F5A6-B7C8-9D0E-F1A2-B3C4D5E6F7A8}.Debug|x64.Build.0 = Debug|Any CPU
		{D3E4F5A6-B7C8-9D0E-F1A2-B3C4D5E6F7A8}.Debug|x86.ActiveCfg = Debug|Any CPU
		{D3E4F5A6-B7C8-9D0E-F1A2-B3C4D5E6F7A8}.Debug|x86.Build.0 = Debug|Any CPU
		{D3E4F5A6-B7C8-9D0E-F1A2-B3C4D5E6F7A8}.Release|Any CPU.ActiveCfg = Release|Any CPU
		{D3E4F5A6-B7C8-9D0E-F1A2-B3C4D5E6F7A8}.Release|Any CPU.Build.0 = Release|Any CPU
		{D3E4F5A6-B7C8-9D0E-F1A2-B3C4D5E6F7A8}.Release|x64.ActiveCfg = Release|Any CPU
		{D3E4F5A6-B7C8-9D0E-F1A2-B3C4D5E6F7A8}.Release|x64.Build.0 = Release|Any CPU
		{D3E4F5A6-B7C8-9D0E-F1A2-B3C4D5E6F7A8}.Release|x86.ActiveCfg = Release|Any CPU
		{D3E4F5A6-B7C8-9D0E-F1A2-B3C4D5E6F7A8}.Release|x86.Build.0 = Release|Any CPU
	EndGlobalSection
	GlobalSection(SolutionProperties) = preSolution
		HideSolutionNode = FALSE
	EndGlobalSection
	GlobalSection(NestedProjects) = preSolution
		{B7249D7A-28AA-4BE8-9F8E-4C88A733DB53} = {0AB3BF05-4346-4AA6-1389-037BE0695223}
		{5299C4A1-9C4E-46BA-AACB-06A36E59E19C} = {0AB3BF05-4346-4AA6-1389-037BE0695223}
		{B1F50383-81DC-405B-8210-FD283DE48B30} = {5D20AA90-6969-D8BD-9DCD-8634F4692FDA}
		{7FEAE202-C720-4293-B8B9-D5C2BCD36631} = {5D20AA90-6969-D8BD-9DCD-8634F4692FDA}
		{E7688918-FC16-4DBE-80A7-89544BE798F7} = {5D20AA90-6969-D8BD-9DCD-8634F4692FDA}
		{570FCCF5-1D1E-42F7-9F66-615B305AEF13} = {0AB3BF05-4346-4AA6-1389-037BE0695223}
		{3C4F5DFE-D381-401C-A5F3-0C4A1157DC4E} = {5D20AA90-6969-D8BD-9DCD-8634F4692FDA}
		{33F18503-511F-4F6A-9B88-23CBA6820945} = {110B9D0B-0A1B-48A8-8CF5-078C6787EA98}
		{CAFA3951-F501-4E34-95FC-66B5A6D9D49B} = {0AB3BF05-4346-4AA6-1389-037BE0695223}
		{A952ED61-798B-404A-8974-776E444F9C0A} = {6DACAAB3-5C61-4CFC-81B3-170A35BEA7E9}
		{92680BD5-910A-4D79-AFE1-B6D0D4BE698F} = {6DACAAB3-5C61-4CFC-81B3-170A35BEA7E9}
		{07396656-9BF6-4769-8AFE-6CA7F1466554} = {6DACAAB3-5C61-4CFC-81B3-170A35BEA7E9}
		{8778A7FB-FECE-4FE4-872F-6AE760B5C37B} = {0AB3BF05-4346-4AA6-1389-037BE0695223}
		{64EDC57A-69CD-4661-AEEF-0724C6F1775D} = {0AB3BF05-4346-4AA6-1389-037BE0695223}
		{95955AF8-DA78-4669-9CFB-A5203E2DE6A5} = {0AB3BF05-4346-4AA6-1389-037BE0695223}
		{E553F31F-9EA9-4B75-9445-1F7C715F618B} = {6DACAAB3-5C61-4CFC-81B3-170A35BEA7E9}
		{F7A9C30B-9497-4A75-B8B0-3798687DC2B8} = {5D20AA90-6969-D8BD-9DCD-8634F4692FDA}
		{866ED9D8-CDF9-4200-BCF7-C7EDBB8DD0EB} = {5D20AA90-6969-D8BD-9DCD-8634F4692FDA}
		{AD7F1B3E-B8A0-4CE3-AF22-E2E0C9DD6003} = {5D20AA90-6969-D8BD-9DCD-8634F4692FDA}
		{FB0ED2EB-8F5D-4CA4-B252-EC30FAF5583A} = {5D20AA90-6969-D8BD-9DCD-8634F4692FDA}
		{D1427AC3-1BBF-433D-A96F-70BE144C02A4} = {5D20AA90-6969-D8BD-9DCD-8634F4692FDA}
		{46AC083F-4E52-4191-AF84-C686721C4041} = {0AB3BF05-4346-4AA6-1389-037BE0695223}
		{210ED518-1561-4C09-826B-34ED57A4F1A1} = {5D20AA90-6969-D8BD-9DCD-8634F4692FDA}
		{105D3BF8-0D0F-4B7A-AFD2-2E61157FD04B} = {5D20AA90-6969-D8BD-9DCD-8634F4692FDA}
		{A1B2C3D4-E5F6-7890-ABCD-EF1234567890} = {5D20AA90-6969-D8BD-9DCD-8634F4692FDA}
		{B2C3D4E5-F6A7-8901-BCDE-F12345678901} = {5D20AA90-6969-D8BD-9DCD-8634F4692FDA}
		{C99D149B-5982-4EB3-B20E-EECF53233562} = {5D20AA90-6969-D8BD-9DCD-8634F4692FDA}
		{D3E4F5A6-B7C8-9D0E-F1A2-B3C4D5E6F7A8} = {5D20AA90-6969-D8BD-9DCD-8634F4692FDA}
	EndGlobalSection
EndGlobal
